
Microsoft Visual Studio Solution File, Format Version 12.00
# Visual Studio Version 17
VisualStudioVersion = 17.14.36221.1 d17.14
MinimumVisualStudioVersion = 10.0.40219.1
Project("{FAE04EC0-301F-11D3-BF4B-00C04F79EFBC}") = "SportLinkerBackend", "SportLinkerBackend.csproj", "{1795F373-2122-4B0D-8089-FB54FA6B984F}"
EndProject
Global
	GlobalSection(SolutionConfigurationPlatforms) = preSolution
		Debug|Any CPU = Debug|Any CPU
		Release|Any CPU = Release|Any CPU
	EndGlobalSection
	GlobalSection(ProjectConfigurationPlatforms) = postSolution
		{1795F373-2122-4B0D-8089-FB54FA6B984F}.Debug|Any CPU.ActiveCfg = Debug|Any CPU
		{1795F373-2122-4B0D-8089-FB54FA6B984F}.Debug|Any CPU.Build.0 = Debug|Any CPU
		{1795F373-2122-4B0D-8089-FB54FA6B984F}.Release|Any CPU.ActiveCfg = Release|Any CPU
		{1795F373-2122-4B0D-8089-FB54FA6B984F}.Release|Any CPU.Build.0 = Release|Any CPU
	EndGlobalSection
	GlobalSection(SolutionProperties) = preSolution
		HideSolutionNode = FALSE
	EndGlobalSection
	GlobalSection(ExtensibilityGlobals) = postSolution
		SolutionGuid = {671D9C8A-A7F7-43BE-925D-24803B6A68D6}
	EndGlobalSection
EndGlobal
